
Microsoft Visual Studio Solution File, Format Version 12.00
# Visual Studio Version 17
VisualStudioVersion = 17.5.002.0
MinimumVisualStudioVersion = 10.0.40219.1
Project("{9A19103F-16F7-4668-BE54-9A1E7A4F7556}") = "LoginAPI", "LoginAPI.csproj", "{6A44BF52-A7D1-449B-9AD0-386A1208A968}"
EndProject
Global
	GlobalSection(SolutionConfigurationPlatforms) = preSolution
		Debug|Any CPU = Debug|Any CPU
		Release|Any CPU = Release|Any CPU
	EndGlobalSection
	GlobalSection(ProjectConfigurationPlatforms) = postSolution
		{6A44BF52-A7D1-449B-9AD0-386A1208A968}.Debug|Any CPU.ActiveCfg = Debug|Any CPU
		{6A44BF52-A7D1-449B-9AD0-386A1208A968}.Debug|Any CPU.Build.0 = Debug|Any CPU
		{6A44BF52-A7D1-449B-9AD0-386A1208A968}.Release|Any CPU.ActiveCfg = Release|Any CPU
		{6A44BF52-A7D1-449B-9AD0-386A1208A968}.Release|Any CPU.Build.0 = Release|Any CPU
	EndGlobalSection
	GlobalSection(SolutionProperties) = preSolution
		HideSolutionNode = FALSE
	EndGlobalSection
	GlobalSection(ExtensibilityGlobals) = postSolution
		SolutionGuid = {5D8C54FD-6E2E-4339-9480-11061C2A6D66}
	EndGlobalSection
EndGlobal
